
Microsoft Visual Studio Solution File, Format Version 12.00
# Visual Studio Version 17
VisualStudioVersion = 17.7.34031.279
MinimumVisualStudioVersion = 10.0.40219.1
Project("{9A19103F-16F7-4668-BE54-9A1E7A4F7556}") = "c#-components", "c#-components.csproj", "{DCC7CD13-26D9-4F53-A16D-2402E90B7964}"
EndProject
Project("{2150E333-8FDC-42A3-9474-1A3956D46DE8}") = "Solution Items", "Solution Items", "{DD1E35A7-F906-4195-892E-44E2D5F59BD2}"
	ProjectSection(SolutionItems) = preProject
		.editorconfig = .editorconfig
	EndProjectSection
EndProject
Project("{FAE04EC0-301F-11D3-BF4B-00C04F79EFBC}") = "project.webapi", "..\project.webapi\project.webapi.csproj", "{2992765A-3870-42D2-B90D-EAE476254C5F}"
EndProject
Global
	GlobalSection(SolutionConfigurationPlatforms) = preSolution
		Debug|Any CPU = Debug|Any CPU
		Release|Any CPU = Release|Any CPU
	EndGlobalSection
	GlobalSection(ProjectConfigurationPlatforms) = postSolution
		{DCC7CD13-26D9-4F53-A16D-2402E90B7964}.Debug|Any CPU.ActiveCfg = Debug|Any CPU
		{DCC7CD13-26D9-4F53-A16D-2402E90B7964}.Debug|Any CPU.Build.0 = Debug|Any CPU
		{DCC7CD13-26D9-4F53-A16D-2402E90B7964}.Release|Any CPU.ActiveCfg = Release|Any CPU
		{DCC7CD13-26D9-4F53-A16D-2402E90B7964}.Release|Any CPU.Build.0 = Release|Any CPU
		{2992765A-3870-42D2-B90D-EAE476254C5F}.Debug|Any CPU.ActiveCfg = Debug|Any CPU
		{2992765A-3870-42D2-B90D-EAE476254C5F}.Debug|Any CPU.Build.0 = Debug|Any CPU
		{2992765A-3870-42D2-B90D-EAE476254C5F}.Release|Any CPU.ActiveCfg = Release|Any CPU
		{2992765A-3870-42D2-B90D-EAE476254C5F}.Release|Any CPU.Build.0 = Release|Any CPU
	EndGlobalSection
	GlobalSection(SolutionProperties) = preSolution
		HideSolutionNode = FALSE
	EndGlobalSection
	GlobalSection(ExtensibilityGlobals) = postSolution
		SolutionGuid = {BF307951-60CB-44EF-97B8-4150D0736FA2}
	EndGlobalSection
EndGlobal
